
Microsoft Visual Studio Solution File, Format Version 12.00
# Visual Studio Version 16
VisualStudioVersion = 16.0.29215.179
MinimumVisualStudioVersion = 10.0.40219.1
Project("{FAE04EC0-301F-11D3-BF4B-00C04F79EFBC}") = "Calculator.Android", "Calculator\Calculator.Android\Calculator.Android.csproj", "{F3B5C9CD-4F33-407E-B675-7AC6FD84EA18}"
EndProject
Project("{FAE04EC0-301F-11D3-BF4B-00C04F79EFBC}") = "Calculator.iOS", "Calculator\Calculator.iOS\Calculator.iOS.csproj", "{17A5F951-1CF9-4921-AEC8-5BE8CE1A0510}"
EndProject
Project("{9A19103F-16F7-4668-BE54-9A1E7A4F7556}") = "Calculator", "Calculator\Calculator\Calculator.csproj", "{C5BFB38C-0D18-4114-8A67-BDC25B9AE5BA}"
EndProject
Global
	GlobalSection(SolutionConfigurationPlatforms) = preSolution
		Debug|Any CPU = Debug|Any CPU
		Debug|iPhone = Debug|iPhone
		Debug|iPhoneSimulator = Debug|iPhoneSimulator
		Release|Any CPU = Release|Any CPU
		Release|iPhone = Release|iPhone
		Release|iPhoneSimulator = Release|iPhoneSimulator
	EndGlobalSection
	GlobalSection(ProjectConfigurationPlatforms) = postSolution
		{F3B5C9CD-4F33-407E-B675-7AC6FD84EA18}.Debug|Any CPU.ActiveCfg = Debug|Any CPU
		{F3B5C9CD-4F33-407E-B675-7AC6FD84EA18}.Debug|Any CPU.Build.0 = Debug|Any CPU
		{F3B5C9CD-4F33-407E-B675-7AC6FD84EA18}.Debug|Any CPU.Deploy.0 = Debug|Any CPU
		{F3B5C9CD-4F33-407E-B675-7AC6FD84EA18}.Debug|iPhone.ActiveCfg = Debug|Any CPU
		{F3B5C9CD-4F33-407E-B675-7AC6FD84EA18}.Debug|iPhone.Build.0 = Debug|Any CPU
		{F3B5C9CD-4F33-407E-B675-7AC6FD84EA18}.Debug|iPhone.Deploy.0 = Debug|Any CPU
		{F3B5C9CD-4F33-407E-B675-7AC6FD84EA18}.Debug|iPhoneSimulator.ActiveCfg = Debug|Any CPU
		{F3B5C9CD-4F33-407E-B675-7AC6FD84EA18}.Debug|iPhoneSimulator.Build.0 = Debug|Any CPU
		{F3B5C9CD-4F33-407E-B675-7AC6FD84EA18}.Debug|iPhoneSimulator.Deploy.0 = Debug|Any CPU
		{F3B5C9CD-4F33-407E-B675-7AC6FD84EA18}.Release|Any CPU.ActiveCfg = Release|Any CPU
		{F3B5C9CD-4F33-407E-B675-7AC6FD84EA18}.Release|Any CPU.Build.0 = Release|Any CPU
		{F3B5C9CD-4F33-407E-B675-7AC6FD84EA18}.Release|Any CPU.Deploy.0 = Release|Any CPU
		{F3B5C9CD-4F33-407E-B675-7AC6FD84EA18}.Release|iPhone.ActiveCfg = Release|Any CPU
		{F3B5C9CD-4F33-407E-B675-7AC6FD84EA18}.Release|iPhone.Build.0 = Release|Any CPU
		{F3B5C9CD-4F33-407E-B675-7AC6FD84EA18}.Release|iPhone.Deploy.0 = Release|Any CPU
		{F3B5C9CD-4F33-407E-B675-7AC6FD84EA18}.Release|iPhoneSimulator.ActiveCfg = Release|Any CPU
		{F3B5C9CD-4F33-407E-B675-7AC6FD84EA18}.Release|iPhoneSimulator.Build.0 = Release|Any CPU
		{F3B5C9CD-4F33-407E-B675-7AC6FD84EA18}.Release|iPhoneSimulator.Deploy.0 = Release|Any CPU
		{17A5F951-1CF9-4921-AEC8-5BE8CE1A0510}.Debug|Any CPU.ActiveCfg = Debug|iPhoneSimulator
		{17A5F951-1CF9-4921-AEC8-5BE8CE1A0510}.Debug|Any CPU.Build.0 = Debug|iPhoneSimulator
		{17A5F951-1CF9-4921-AEC8-5BE8CE1A0510}.Debug|Any CPU.Deploy.0 = Debug|iPhoneSimulator
		{17A5F951-1CF9-4921-AEC8-5BE8CE1A0510}.Debug|iPhone.ActiveCfg = Debug|iPhone
		{17A5F951-1CF9-4921-AEC8-5BE8CE1A0510}.Debug|iPhone.Build.0 = Debug|iPhone
		{17A5F951-1CF9-4921-AEC8-5BE8CE1A0510}.Debug|iPhone.Deploy.0 = Debug|iPhone
		{17A5F951-1CF9-4921-AEC8-5BE8CE1A0510}.Debug|iPhoneSimulator.ActiveCfg = Debug|iPhoneSimulator
		{17A5F951-1CF9-4921-AEC8-5BE8CE1A0510}.Debug|iPhoneSimulator.Build.0 = Debug|iPhoneSimulator
		{17A5F951-1CF9-4921-AEC8-5BE8CE1A0510}.Debug|iPhoneSimulator.Deploy.0 = Debug|iPhoneSimulator
		{17A5F951-1CF9-4921-AEC8-5BE8CE1A0510}.Release|Any CPU.ActiveCfg = Release|iPhone
		{17A5F951-1CF9-4921-AEC8-5BE8CE1A0510}.Release|Any CPU.Build.0 = Release|iPhone
		{17A5F951-1CF9-4921-AEC8-5BE8CE1A0510}.Release|Any CPU.Deploy.0 = Release|iPhone
		{17A5F951-1CF9-4921-AEC8-5BE8CE1A0510}.Release|iPhone.ActiveCfg = Release|iPhone
		{17A5F951-1CF9-4921-AEC8-5BE8CE1A0510}.Release|iPhone.Build.0 = Release|iPhone
		{17A5F951-1CF9-4921-AEC8-5BE8CE1A0510}.Release|iPhone.Deploy.0 = Release|iPhone
		{17A5F951-1CF9-4921-AEC8-5BE8CE1A0510}.Release|iPhoneSimulator.ActiveCfg = Release|iPhoneSimulator
		{17A5F951-1CF9-4921-AEC8-5BE8CE1A0510}.Release|iPhoneSimulator.Build.0 = Release|iPhoneSimulator
		{17A5F951-1CF9-4921-AEC8-5BE8CE1A0510}.Release|iPhoneSimulator.Deploy.0 = Release|iPhoneSimulator
		{C5BFB38C-0D18-4114-8A67-BDC25B9AE5BA}.Debug|Any CPU.ActiveCfg = Debug|Any CPU
		{C5BFB38C-0D18-4114-8A67-BDC25B9AE5BA}.Debug|Any CPU.Build.0 = Debug|Any CPU
		{C5BFB38C-0D18-4114-8A67-BDC25B9AE5BA}.Debug|Any CPU.Deploy.0 = Debug|Any CPU
		{C5BFB38C-0D18-4114-8A67-BDC25B9AE5BA}.Debug|iPhone.ActiveCfg = Debug|Any CPU
		{C5BFB38C-0D18-4114-8A67-BDC25B9AE5BA}.Debug|iPhone.Build.0 = Debug|Any CPU
		{C5BFB38C-0D18-4114-8A67-BDC25B9AE5BA}.Debug|iPhone.Deploy.0 = Debug|Any CPU
		{C5BFB38C-0D18-4114-8A67-BDC25B9AE5BA}.Debug|iPhoneSimulator.ActiveCfg = Debug|Any CPU
		{C5BFB38C-0D18-4114-8A67-BDC25B9AE5BA}.Debug|iPhoneSimulator.Build.0 = Debug|Any CPU
		{C5BFB38C-0D18-4114-8A67-BDC25B9AE5BA}.Debug|iPhoneSimulator.Deploy.0 = Debug|Any CPU
		{C5BFB38C-0D18-4114-8A67-BDC25B9AE5BA}.Release|Any CPU.ActiveCfg = Release|Any CPU
		{C5BFB38C-0D18-4114-8A67-BDC25B9AE5BA}.Release|Any CPU.Build.0 = Release|Any CPU
		{C5BFB38C-0D18-4114-8A67-BDC25B9AE5BA}.Release|Any CPU.Deploy.0 = Release|Any CPU
		{C5BFB38C-0D18-4114-8A67-BDC25B9AE5BA}.Release|iPhone.ActiveCfg = Release|Any CPU
		{C5BFB38C-0D18-4114-8A67-BDC25B9AE5BA}.Release|iPhone.Build.0 = Release|Any CPU
		{C5BFB38C-0D18-4114-8A67-BDC25B9AE5BA}.Release|iPhone.Deploy.0 = Release|Any CPU
		{C5BFB38C-0D18-4114-8A67-BDC25B9AE5BA}.Release|iPhoneSimulator.ActiveCfg = Release|Any CPU
		{C5BFB38C-0D18-4114-8A67-BDC25B9AE5BA}.Release|iPhoneSimulator.Build.0 = Release|Any CPU
		{C5BFB38C-0D18-4114-8A67-BDC25B9AE5BA}.Release|iPhoneSimulator.Deploy.0 = Release|Any CPU
	EndGlobalSection
	GlobalSection(SolutionProperties) = preSolution
		HideSolutionNode = FALSE
	EndGlobalSection
	GlobalSection(ExtensibilityGlobals) = postSolution
		SolutionGuid = {5E61A940-19D0-491D-9330-144B41194873}
	EndGlobalSection
EndGlobal
