
Microsoft Visual Studio Solution File, Format Version 12.00
# Visual Studio Version 16
VisualStudioVersion = 16.0.29215.179
MinimumVisualStudioVersion = 10.0.40219.1
Project("{FAE04EC0-301F-11D3-BF4B-00C04F79EFBC}") = "470HW1", "470HW1\470HW1.csproj", "{E8C67B20-EC93-4727-BBA4-5AF89574D33F}"
EndProject
Project("{FAE04EC0-301F-11D3-BF4B-00C04F79EFBC}") = "Zipcodes", "Zipcodes\Zipcodes.csproj", "{7AB694C7-0BC2-4BC9-AE1C-3B0363805C98}"
EndProject
Project("{FAE04EC0-301F-11D3-BF4B-00C04F79EFBC}") = "Finance", "Finance\Finance.csproj", "{F37DFBA0-3BDB-40DE-9536-E047A4C2A92C}"
EndProject
Global
	GlobalSection(SolutionConfigurationPlatforms) = preSolution
		Debug|Any CPU = Debug|Any CPU
		Release|Any CPU = Release|Any CPU
	EndGlobalSection
	GlobalSection(ProjectConfigurationPlatforms) = postSolution
		{E8C67B20-EC93-4727-BBA4-5AF89574D33F}.Debug|Any CPU.ActiveCfg = Debug|Any CPU
		{E8C67B20-EC93-4727-BBA4-5AF89574D33F}.Debug|Any CPU.Build.0 = Debug|Any CPU
		{E8C67B20-EC93-4727-BBA4-5AF89574D33F}.Release|Any CPU.ActiveCfg = Release|Any CPU
		{E8C67B20-EC93-4727-BBA4-5AF89574D33F}.Release|Any CPU.Build.0 = Release|Any CPU
		{7AB694C7-0BC2-4BC9-AE1C-3B0363805C98}.Debug|Any CPU.ActiveCfg = Debug|Any CPU
		{7AB694C7-0BC2-4BC9-AE1C-3B0363805C98}.Debug|Any CPU.Build.0 = Debug|Any CPU
		{7AB694C7-0BC2-4BC9-AE1C-3B0363805C98}.Release|Any CPU.ActiveCfg = Release|Any CPU
		{7AB694C7-0BC2-4BC9-AE1C-3B0363805C98}.Release|Any CPU.Build.0 = Release|Any CPU
		{F37DFBA0-3BDB-40DE-9536-E047A4C2A92C}.Debug|Any CPU.ActiveCfg = Debug|Any CPU
		{F37DFBA0-3BDB-40DE-9536-E047A4C2A92C}.Debug|Any CPU.Build.0 = Debug|Any CPU
		{F37DFBA0-3BDB-40DE-9536-E047A4C2A92C}.Release|Any CPU.ActiveCfg = Release|Any CPU
		{F37DFBA0-3BDB-40DE-9536-E047A4C2A92C}.Release|Any CPU.Build.0 = Release|Any CPU
	EndGlobalSection
	GlobalSection(SolutionProperties) = preSolution
		HideSolutionNode = FALSE
	EndGlobalSection
	GlobalSection(ExtensibilityGlobals) = postSolution
		SolutionGuid = {1AB8037B-2E31-4C33-A12E-C39C78335A25}
	EndGlobalSection
EndGlobal
